
Microsoft Visual Studio Solution File, Format Version 12.00
# Visual Studio Version 16
VisualStudioVersion = 16.0.29609.76
MinimumVisualStudioVersion = 10.0.40219.1
Project("{FAE04EC0-301F-11D3-BF4B-00C04F79EFBC}") = "kraken", "kraken\kraken\kraken.csproj", "{0A6C32E1-7E4B-4F2B-A52B-1E910C2863B1}"
EndProject
Project("{FAE04EC0-301F-11D3-BF4B-00C04F79EFBC}") = "kraken.Android", "kraken\kraken.Android\kraken.Android.csproj", "{43759B2B-2377-4C24-AD3C-62DB673A3574}"
EndProject
Project("{FAE04EC0-301F-11D3-BF4B-00C04F79EFBC}") = "kraken.iOS", "kraken\kraken.iOS\kraken.iOS.csproj", "{598702B9-C97E-43E1-B37C-BB4CD86699B4}"
EndProject
Global
	GlobalSection(SolutionConfigurationPlatforms) = preSolution
		Debug|Any CPU = Debug|Any CPU
		Debug|iPhone = Debug|iPhone
		Debug|iPhoneSimulator = Debug|iPhoneSimulator
		Release|Any CPU = Release|Any CPU
		Release|iPhone = Release|iPhone
		Release|iPhoneSimulator = Release|iPhoneSimulator
	EndGlobalSection
	GlobalSection(ProjectConfigurationPlatforms) = postSolution
		{0A6C32E1-7E4B-4F2B-A52B-1E910C2863B1}.Debug|Any CPU.ActiveCfg = Debug|Any CPU
		{0A6C32E1-7E4B-4F2B-A52B-1E910C2863B1}.Debug|Any CPU.Build.0 = Debug|Any CPU
		{0A6C32E1-7E4B-4F2B-A52B-1E910C2863B1}.Debug|Any CPU.Deploy.0 = Debug|Any CPU
		{0A6C32E1-7E4B-4F2B-A52B-1E910C2863B1}.Debug|iPhone.ActiveCfg = Debug|Any CPU
		{0A6C32E1-7E4B-4F2B-A52B-1E910C2863B1}.Debug|iPhone.Build.0 = Debug|Any CPU
		{0A6C32E1-7E4B-4F2B-A52B-1E910C2863B1}.Debug|iPhone.Deploy.0 = Debug|Any CPU
		{0A6C32E1-7E4B-4F2B-A52B-1E910C2863B1}.Debug|iPhoneSimulator.ActiveCfg = Debug|Any CPU
		{0A6C32E1-7E4B-4F2B-A52B-1E910C2863B1}.Debug|iPhoneSimulator.Build.0 = Debug|Any CPU
		{0A6C32E1-7E4B-4F2B-A52B-1E910C2863B1}.Debug|iPhoneSimulator.Deploy.0 = Debug|Any CPU
		{0A6C32E1-7E4B-4F2B-A52B-1E910C2863B1}.Release|Any CPU.ActiveCfg = Release|Any CPU
		{0A6C32E1-7E4B-4F2B-A52B-1E910C2863B1}.Release|Any CPU.Build.0 = Release|Any CPU
		{0A6C32E1-7E4B-4F2B-A52B-1E910C2863B1}.Release|Any CPU.Deploy.0 = Release|Any CPU
		{0A6C32E1-7E4B-4F2B-A52B-1E910C2863B1}.Release|iPhone.ActiveCfg = Release|Any CPU
		{0A6C32E1-7E4B-4F2B-A52B-1E910C2863B1}.Release|iPhone.Build.0 = Release|Any CPU
		{0A6C32E1-7E4B-4F2B-A52B-1E910C2863B1}.Release|iPhone.Deploy.0 = Release|Any CPU
		{0A6C32E1-7E4B-4F2B-A52B-1E910C2863B1}.Release|iPhoneSimulator.ActiveCfg = Release|Any CPU
		{0A6C32E1-7E4B-4F2B-A52B-1E910C2863B1}.Release|iPhoneSimulator.Build.0 = Release|Any CPU
		{0A6C32E1-7E4B-4F2B-A52B-1E910C2863B1}.Release|iPhoneSimulator.Deploy.0 = Release|Any CPU
		{43759B2B-2377-4C24-AD3C-62DB673A3574}.Debug|Any CPU.ActiveCfg = Debug|Any CPU
		{43759B2B-2377-4C24-AD3C-62DB673A3574}.Debug|Any CPU.Build.0 = Debug|Any CPU
		{43759B2B-2377-4C24-AD3C-62DB673A3574}.Debug|Any CPU.Deploy.0 = Debug|Any CPU
		{43759B2B-2377-4C24-AD3C-62DB673A3574}.Debug|iPhone.ActiveCfg = Debug|Any CPU
		{43759B2B-2377-4C24-AD3C-62DB673A3574}.Debug|iPhone.Build.0 = Debug|Any CPU
		{43759B2B-2377-4C24-AD3C-62DB673A3574}.Debug|iPhone.Deploy.0 = Debug|Any CPU
		{43759B2B-2377-4C24-AD3C-62DB673A3574}.Debug|iPhoneSimulator.ActiveCfg = Debug|Any CPU
		{43759B2B-2377-4C24-AD3C-62DB673A3574}.Debug|iPhoneSimulator.Build.0 = Debug|Any CPU
		{43759B2B-2377-4C24-AD3C-62DB673A3574}.Debug|iPhoneSimulator.Deploy.0 = Debug|Any CPU
		{43759B2B-2377-4C24-AD3C-62DB673A3574}.Release|Any CPU.ActiveCfg = Release|Any CPU
		{43759B2B-2377-4C24-AD3C-62DB673A3574}.Release|Any CPU.Build.0 = Release|Any CPU
		{43759B2B-2377-4C24-AD3C-62DB673A3574}.Release|Any CPU.Deploy.0 = Release|Any CPU
		{43759B2B-2377-4C24-AD3C-62DB673A3574}.Release|iPhone.ActiveCfg = Release|Any CPU
		{43759B2B-2377-4C24-AD3C-62DB673A3574}.Release|iPhone.Build.0 = Release|Any CPU
		{43759B2B-2377-4C24-AD3C-62DB673A3574}.Release|iPhone.Deploy.0 = Release|Any CPU
		{43759B2B-2377-4C24-AD3C-62DB673A3574}.Release|iPhoneSimulator.ActiveCfg = Release|Any CPU
		{43759B2B-2377-4C24-AD3C-62DB673A3574}.Release|iPhoneSimulator.Build.0 = Release|Any CPU
		{43759B2B-2377-4C24-AD3C-62DB673A3574}.Release|iPhoneSimulator.Deploy.0 = Release|Any CPU
		{598702B9-C97E-43E1-B37C-BB4CD86699B4}.Debug|Any CPU.ActiveCfg = Debug|iPhoneSimulator
		{598702B9-C97E-43E1-B37C-BB4CD86699B4}.Debug|Any CPU.Build.0 = Debug|iPhoneSimulator
		{598702B9-C97E-43E1-B37C-BB4CD86699B4}.Debug|Any CPU.Deploy.0 = Debug|iPhoneSimulator
		{598702B9-C97E-43E1-B37C-BB4CD86699B4}.Debug|iPhone.ActiveCfg = Debug|iPhone
		{598702B9-C97E-43E1-B37C-BB4CD86699B4}.Debug|iPhone.Build.0 = Debug|iPhone
		{598702B9-C97E-43E1-B37C-BB4CD86699B4}.Debug|iPhone.Deploy.0 = Debug|iPhone
		{598702B9-C97E-43E1-B37C-BB4CD86699B4}.Debug|iPhoneSimulator.ActiveCfg = Debug|iPhoneSimulator
		{598702B9-C97E-43E1-B37C-BB4CD86699B4}.Debug|iPhoneSimulator.Build.0 = Debug|iPhoneSimulator
		{598702B9-C97E-43E1-B37C-BB4CD86699B4}.Debug|iPhoneSimulator.Deploy.0 = Debug|iPhoneSimulator
		{598702B9-C97E-43E1-B37C-BB4CD86699B4}.Release|Any CPU.ActiveCfg = Release|iPhone
		{598702B9-C97E-43E1-B37C-BB4CD86699B4}.Release|Any CPU.Build.0 = Release|iPhone
		{598702B9-C97E-43E1-B37C-BB4CD86699B4}.Release|Any CPU.Deploy.0 = Release|iPhone
		{598702B9-C97E-43E1-B37C-BB4CD86699B4}.Release|iPhone.ActiveCfg = Release|iPhone
		{598702B9-C97E-43E1-B37C-BB4CD86699B4}.Release|iPhone.Build.0 = Release|iPhone
		{598702B9-C97E-43E1-B37C-BB4CD86699B4}.Release|iPhone.Deploy.0 = Release|iPhone
		{598702B9-C97E-43E1-B37C-BB4CD86699B4}.Release|iPhoneSimulator.ActiveCfg = Release|iPhoneSimulator
		{598702B9-C97E-43E1-B37C-BB4CD86699B4}.Release|iPhoneSimulator.Build.0 = Release|iPhoneSimulator
		{598702B9-C97E-43E1-B37C-BB4CD86699B4}.Release|iPhoneSimulator.Deploy.0 = Release|iPhoneSimulator
	EndGlobalSection
	GlobalSection(SolutionProperties) = preSolution
		HideSolutionNode = FALSE
	EndGlobalSection
	GlobalSection(ExtensibilityGlobals) = postSolution
		SolutionGuid = {9F669120-8224-416C-BDCB-D380E4BB3950}
	EndGlobalSection
EndGlobal
